# This file is autogenerated, do not edit; changes may be undone by the next 'dep ensure'.


[[projects]]
  digest = "1:35564f1cd08e1163bf327e6f595b9e596c4470a77f7f13fe6421236ea99e5966"
  name = "github.com/aws/aws-sdk-go"
  packages = [
    "aws",
    "aws/awserr",
    "aws/awsutil",
    "aws/client",
    "aws/client/metadata",
    "aws/corehandlers",
    "aws/credentials",
    "aws/credentials/ec2rolecreds",
    "aws/credentials/endpointcreds",
    "aws/credentials/processcreds",
    "aws/credentials/stscreds",
    "aws/csm",
    "aws/defaults",
    "aws/ec2metadata",
    "aws/endpoints",
    "aws/request",
    "aws/session",
    "aws/signer/v4",
    "internal/ini",
    "internal/s3err",
    "internal/sdkio",
    "internal/sdkrand",
    "internal/sdkuri",
    "internal/shareddefaults",
    "private/protocol",
    "private/protocol/eventstream",
    "private/protocol/eventstream/eventstreamapi",
    "private/protocol/query",
    "private/protocol/query/queryutil",
    "private/protocol/rest",
    "private/protocol/restxml",
    "private/protocol/xml/xmlutil",
    "service/s3",
    "service/sts",
  ]
  pruneopts = "UT"
  revision = "3991042237b45cf58c9d5f34295942d5533c28c6"
  version = "v1.16.11"

[[projects]]
  branch = "master"
  digest = "1:d7dc6d28cf9d7f16a3c150bc0e451d75aceaf50f934e70cc2a98073cd2d62f5f"
  name = "github.com/function61/gokit"
  packages = [
    "aws/s3facade",
    "cryptoutil",
    "dynversion",
    "envvar",
    "ezhttp",
    "jsonfile",
    "logex",
    "ossignal",
    "pkencryptedstream",
    "stopper",
    "systemdinstaller",
  ]
  pruneopts = "UT"
  revision = "36f64b533f39f1feaf116566e1cae0c9ae8dfe57"

[[projects]]
  branch = "master"
  digest = "1:f59d6c204396a4b34996f38b7e17bca048c6502c6374f0b996ffffb376027a79"
  name = "github.com/function61/lambda-alertmanager"
  packages = [
    "alertmanager/pkg/alertmanagerclient",
    "alertmanager/pkg/alertmanagertypes",
  ]
  pruneopts = "UT"
  revision = "c211dc7becb828cb4e321e26dcd82fa1d246153f"

[[projects]]
  branch = "master"
  digest = "1:fd11acdbd1b926c900e8321c64ba11753ef40330caf96fa76f16574b6716ffc7"
  name = "github.com/function61/promswarmconnect"
  packages = ["pkg/udocker"]
  pruneopts = "UT"
  revision = "a7b5e341e6cc7668d2e54a9cb230e18e79730aeb"

[[projects]]
  digest = "1:870d441fe217b8e689d7949fef6e43efbc787e50f200cb1e70dbca9204a1d6be"
  name = "github.com/inconshreveable/mousetrap"
  packages = ["."]
  pruneopts = "UT"
  revision = "76626ae9c91c4f2a10f34cad8ce83ea42c93bb75"
  version = "v1.0"

[[projects]]
  digest = "1:bb81097a5b62634f3e9fec1014657855610c82d19b9a40c17612e32651e35dca"
  name = "github.com/jmespath/go-jmespath"
  packages = ["."]
  pruneopts = "UT"
  revision = "c2b33e84"

[[projects]]
  digest = "1:645cabccbb4fa8aab25a956cbcbdf6a6845ca736b2c64e197ca7cbb9d210b939"
  name = "github.com/spf13/cobra"
  packages = ["."]
  pruneopts = "UT"
  revision = "ef82de70bb3f60c65fb8eebacbb2d122ef517385"
  version = "v0.0.3"

[[projects]]
  digest = "1:c1b1102241e7f645bc8e0c22ae352e8f0dc6484b6cb4d132fa9f24174e0119e2"
  name = "github.com/spf13/pflag"
  packages = ["."]
  pruneopts = "UT"
  revision = "298182f68c66c05229eb03ac171abe6e309ee79a"
  version = "v1.0.3"

[solve-meta]
  analyzer-name = "dep"
  analyzer-version = 1
  input-imports = [
    "github.com/aws/aws-sdk-go/aws",
    "github.com/aws/aws-sdk-go/aws/endpoints",
    "github.com/aws/aws-sdk-go/service/s3",
    "github.com/function61/gokit/aws/s3facade",
    "github.com/function61/gokit/cryptoutil",
    "github.com/function61/gokit/dynversion",
    "github.com/function61/gokit/envvar",
    "github.com/function61/gokit/ezhttp",
    "github.com/function61/gokit/jsonfile",
    "github.com/function61/gokit/logex",
    "github.com/function61/gokit/ossignal",
    "github.com/function61/gokit/pkencryptedstream",
    "github.com/function61/gokit/stopper",
    "github.com/function61/gokit/systemdinstaller",
    "github.com/function61/lambda-alertmanager/alertmanager/pkg/alertmanagerclient",
    "github.com/function61/lambda-alertmanager/alertmanager/pkg/alertmanagertypes",
    "github.com/function61/promswarmconnect/pkg/udocker",
    "github.com/spf13/cobra",
  ]
  solver-name = "gps-cdcl"
  solver-version = 1
